
Microsoft Visual Studio Solution File, Format Version 12.00
# Visual Studio 15
VisualStudioVersion = 15.0.26430.13
MinimumVisualStudioVersion = 10.0.40219.1
Project("{FAE04EC0-301F-11D3-BF4B-00C04F79EFBC}") = "Xprepay.Infrastructure", "Xprepay.Infrastructure\Xprepay.Infrastructure.csproj", "{3593818E-2B60-41A8-B5BA-DE479B6A5D51}"
EndProject
Project("{FAE04EC0-301F-11D3-BF4B-00C04F79EFBC}") = "Xprepay.Data", "Xprepay.Data\Xprepay.Data.csproj", "{CD0718D0-4A31-4034-8E86-1C538A2FF0AD}"
EndProject
Project("{FAE04EC0-301F-11D3-BF4B-00C04F79EFBC}") = "Xprepay.Services", "Xprepay.Services\Xprepay.Services.csproj", "{81A7247F-F729-49B4-AB99-1B0AB09FB56E}"
EndProject
Project("{FAE04EC0-301F-11D3-BF4B-00C04F79EFBC}") = "Xprepay.Web", "Xprepay.Web\Xprepay.Web.csproj", "{C87136D6-10A1-4AEA-82E6-E6A31B0362B6}"
EndProject
Project("{2150E333-8FDC-42A3-9474-1A3956D46DE8}") = "Xprepay._Areas", "Xprepay._Areas", "{7608C9C7-6EDF-47C0-ACF7-B3C60F910AEC}"
EndProject
Project("{2150E333-8FDC-42A3-9474-1A3956D46DE8}") = "Public", "Public", "{A8C3FB34-553C-47CC-89C0-9A5BD4D6E6BF}"
EndProject
Project("{2150E333-8FDC-42A3-9474-1A3956D46DE8}") = "Admin", "Admin", "{4641630F-F7EA-4917-9F94-8C715B5F2DC1}"
EndProject
Project("{FAE04EC0-301F-11D3-BF4B-00C04F79EFBC}") = "Xprepay.Web.Main", "Xprepay.Web.Main\Xprepay.Web.Main.csproj", "{43A163FE-1F62-4AC5-8332-4462EC8308E1}"
EndProject
Project("{FAE04EC0-301F-11D3-BF4B-00C04F79EFBC}") = "Xprepay.Services.Admin", "Xprepay._Areas\Admin\Xprepay.Services.Admin\Xprepay.Services.Admin.csproj", "{B6CFE2D2-A837-4877-B130-F8E963EDEBA5}"
EndProject
Project("{FAE04EC0-301F-11D3-BF4B-00C04F79EFBC}") = "Xprepay.Web.Admin", "Xprepay._Areas\Admin\Xprepay.Web.Admin\Xprepay.Web.Admin.csproj", "{1491985F-E6DD-4A02-ACC6-5586B484747A}"
EndProject
Project("{FAE04EC0-301F-11D3-BF4B-00C04F79EFBC}") = "Xprepay.Services.Public", "Xprepay._Areas\Public\Xprepay.Services.Public\Xprepay.Services.Public.csproj", "{E8317F20-DFC3-4990-94A7-A5F728FB04EE}"
EndProject
Project("{FAE04EC0-301F-11D3-BF4B-00C04F79EFBC}") = "Xprepay.Web.Public", "Xprepay._Areas\Public\Xprepay.Web.Public\Xprepay.Web.Public.csproj", "{E3F19180-19F1-400E-B80E-0E495D83E714}"
EndProject
Project("{2150E333-8FDC-42A3-9474-1A3956D46DE8}") = "Api", "Api", "{C024B635-6C43-41F5-B67B-71E678913208}"
EndProject
Project("{FAE04EC0-301F-11D3-BF4B-00C04F79EFBC}") = "Xprepay.Services.WebApi", "Xprepay.Services.Api\Xprepay.Services.WebApi.csproj", "{1A7A8E9B-9D1A-49A8-9EF3-88FE9F886FA0}"
EndProject
Project("{FAE04EC0-301F-11D3-BF4B-00C04F79EFBC}") = "Xprepay.WebApi", "Xprepay.WebApi\Xprepay.WebApi.csproj", "{0D4552B4-F441-4009-AC58-9A16301A9DBC}"
EndProject
Project("{2150E333-8FDC-42A3-9474-1A3956D46DE8}") = "Mobile", "Mobile", "{DA280FB4-2FB8-4D49-BC99-9D2D68248E3A}"
EndProject
Project("{FAE04EC0-301F-11D3-BF4B-00C04F79EFBC}") = "Xprepay.Services.Mobile", "Xprepay.Services.Mobile\Xprepay.Services.Mobile.csproj", "{83C712B1-C0D6-4117-B2F4-14ED76E1621B}"
EndProject
Project("{FAE04EC0-301F-11D3-BF4B-00C04F79EFBC}") = "Xprepay.Web.Mobile", "Xprepay.Web.Mobile\Xprepay.Web.Mobile.csproj", "{CA8B8720-6E2E-4DA9-997C-20E1217D5DDB}"
EndProject
Global
	GlobalSection(SolutionConfigurationPlatforms) = preSolution
		Debug|Any CPU = Debug|Any CPU
		Release|Any CPU = Release|Any CPU
	EndGlobalSection
	GlobalSection(ProjectConfigurationPlatforms) = postSolution
		{3593818E-2B60-41A8-B5BA-DE479B6A5D51}.Debug|Any CPU.ActiveCfg = Debug|Any CPU
		{3593818E-2B60-41A8-B5BA-DE479B6A5D51}.Debug|Any CPU.Build.0 = Debug|Any CPU
		{3593818E-2B60-41A8-B5BA-DE479B6A5D51}.Release|Any CPU.ActiveCfg = Release|Any CPU
		{3593818E-2B60-41A8-B5BA-DE479B6A5D51}.Release|Any CPU.Build.0 = Release|Any CPU
		{CD0718D0-4A31-4034-8E86-1C538A2FF0AD}.Debug|Any CPU.ActiveCfg = Debug|Any CPU
		{CD0718D0-4A31-4034-8E86-1C538A2FF0AD}.Debug|Any CPU.Build.0 = Debug|Any CPU
		{CD0718D0-4A31-4034-8E86-1C538A2FF0AD}.Release|Any CPU.ActiveCfg = Release|Any CPU
		{CD0718D0-4A31-4034-8E86-1C538A2FF0AD}.Release|Any CPU.Build.0 = Release|Any CPU
		{81A7247F-F729-49B4-AB99-1B0AB09FB56E}.Debug|Any CPU.ActiveCfg = Debug|Any CPU
		{81A7247F-F729-49B4-AB99-1B0AB09FB56E}.Debug|Any CPU.Build.0 = Debug|Any CPU
		{81A7247F-F729-49B4-AB99-1B0AB09FB56E}.Release|Any CPU.ActiveCfg = Release|Any CPU
		{81A7247F-F729-49B4-AB99-1B0AB09FB56E}.Release|Any CPU.Build.0 = Release|Any CPU
		{C87136D6-10A1-4AEA-82E6-E6A31B0362B6}.Debug|Any CPU.ActiveCfg = Debug|Any CPU
		{C87136D6-10A1-4AEA-82E6-E6A31B0362B6}.Debug|Any CPU.Build.0 = Debug|Any CPU
		{C87136D6-10A1-4AEA-82E6-E6A31B0362B6}.Release|Any CPU.ActiveCfg = Release|Any CPU
		{C87136D6-10A1-4AEA-82E6-E6A31B0362B6}.Release|Any CPU.Build.0 = Release|Any CPU
		{43A163FE-1F62-4AC5-8332-4462EC8308E1}.Debug|Any CPU.ActiveCfg = Debug|Any CPU
		{43A163FE-1F62-4AC5-8332-4462EC8308E1}.Debug|Any CPU.Build.0 = Debug|Any CPU
		{43A163FE-1F62-4AC5-8332-4462EC8308E1}.Release|Any CPU.ActiveCfg = Release|Any CPU
		{43A163FE-1F62-4AC5-8332-4462EC8308E1}.Release|Any CPU.Build.0 = Release|Any CPU
		{B6CFE2D2-A837-4877-B130-F8E963EDEBA5}.Debug|Any CPU.ActiveCfg = Debug|Any CPU
		{B6CFE2D2-A837-4877-B130-F8E963EDEBA5}.Debug|Any CPU.Build.0 = Debug|Any CPU
		{B6CFE2D2-A837-4877-B130-F8E963EDEBA5}.Release|Any CPU.ActiveCfg = Release|Any CPU
		{B6CFE2D2-A837-4877-B130-F8E963EDEBA5}.Release|Any CPU.Build.0 = Release|Any CPU
		{1491985F-E6DD-4A02-ACC6-5586B484747A}.Debug|Any CPU.ActiveCfg = Debug|Any CPU
		{1491985F-E6DD-4A02-ACC6-5586B484747A}.Debug|Any CPU.Build.0 = Debug|Any CPU
		{1491985F-E6DD-4A02-ACC6-5586B484747A}.Release|Any CPU.ActiveCfg = Release|Any CPU
		{1491985F-E6DD-4A02-ACC6-5586B484747A}.Release|Any CPU.Build.0 = Release|Any CPU
		{E8317F20-DFC3-4990-94A7-A5F728FB04EE}.Debug|Any CPU.ActiveCfg = Debug|Any CPU
		{E8317F20-DFC3-4990-94A7-A5F728FB04EE}.Debug|Any CPU.Build.0 = Debug|Any CPU
		{E8317F20-DFC3-4990-94A7-A5F728FB04EE}.Release|Any CPU.ActiveCfg = Release|Any CPU
		{E8317F20-DFC3-4990-94A7-A5F728FB04EE}.Release|Any CPU.Build.0 = Release|Any CPU
		{E3F19180-19F1-400E-B80E-0E495D83E714}.Debug|Any CPU.ActiveCfg = Debug|Any CPU
		{E3F19180-19F1-400E-B80E-0E495D83E714}.Debug|Any CPU.Build.0 = Debug|Any CPU
		{E3F19180-19F1-400E-B80E-0E495D83E714}.Release|Any CPU.ActiveCfg = Release|Any CPU
		{E3F19180-19F1-400E-B80E-0E495D83E714}.Release|Any CPU.Build.0 = Release|Any CPU
		{1A7A8E9B-9D1A-49A8-9EF3-88FE9F886FA0}.Debug|Any CPU.ActiveCfg = Debug|Any CPU
		{1A7A8E9B-9D1A-49A8-9EF3-88FE9F886FA0}.Debug|Any CPU.Build.0 = Debug|Any CPU
		{1A7A8E9B-9D1A-49A8-9EF3-88FE9F886FA0}.Release|Any CPU.ActiveCfg = Release|Any CPU
		{1A7A8E9B-9D1A-49A8-9EF3-88FE9F886FA0}.Release|Any CPU.Build.0 = Release|Any CPU
		{0D4552B4-F441-4009-AC58-9A16301A9DBC}.Debug|Any CPU.ActiveCfg = Debug|Any CPU
		{0D4552B4-F441-4009-AC58-9A16301A9DBC}.Debug|Any CPU.Build.0 = Debug|Any CPU
		{0D4552B4-F441-4009-AC58-9A16301A9DBC}.Release|Any CPU.ActiveCfg = Release|Any CPU
		{0D4552B4-F441-4009-AC58-9A16301A9DBC}.Release|Any CPU.Build.0 = Release|Any CPU
		{83C712B1-C0D6-4117-B2F4-14ED76E1621B}.Debug|Any CPU.ActiveCfg = Debug|Any CPU
		{83C712B1-C0D6-4117-B2F4-14ED76E1621B}.Debug|Any CPU.Build.0 = Debug|Any CPU
		{83C712B1-C0D6-4117-B2F4-14ED76E1621B}.Release|Any CPU.ActiveCfg = Release|Any CPU
		{83C712B1-C0D6-4117-B2F4-14ED76E1621B}.Release|Any CPU.Build.0 = Release|Any CPU
		{CA8B8720-6E2E-4DA9-997C-20E1217D5DDB}.Debug|Any CPU.ActiveCfg = Debug|Any CPU
		{CA8B8720-6E2E-4DA9-997C-20E1217D5DDB}.Debug|Any CPU.Build.0 = Debug|Any CPU
		{CA8B8720-6E2E-4DA9-997C-20E1217D5DDB}.Release|Any CPU.ActiveCfg = Release|Any CPU
		{CA8B8720-6E2E-4DA9-997C-20E1217D5DDB}.Release|Any CPU.Build.0 = Release|Any CPU
	EndGlobalSection
	GlobalSection(SolutionProperties) = preSolution
		HideSolutionNode = FALSE
	EndGlobalSection
	GlobalSection(NestedProjects) = preSolution
		{A8C3FB34-553C-47CC-89C0-9A5BD4D6E6BF} = {7608C9C7-6EDF-47C0-ACF7-B3C60F910AEC}
		{4641630F-F7EA-4917-9F94-8C715B5F2DC1} = {7608C9C7-6EDF-47C0-ACF7-B3C60F910AEC}
		{B6CFE2D2-A837-4877-B130-F8E963EDEBA5} = {4641630F-F7EA-4917-9F94-8C715B5F2DC1}
		{1491985F-E6DD-4A02-ACC6-5586B484747A} = {4641630F-F7EA-4917-9F94-8C715B5F2DC1}
		{E8317F20-DFC3-4990-94A7-A5F728FB04EE} = {A8C3FB34-553C-47CC-89C0-9A5BD4D6E6BF}
		{E3F19180-19F1-400E-B80E-0E495D83E714} = {A8C3FB34-553C-47CC-89C0-9A5BD4D6E6BF}
		{C024B635-6C43-41F5-B67B-71E678913208} = {7608C9C7-6EDF-47C0-ACF7-B3C60F910AEC}
		{1A7A8E9B-9D1A-49A8-9EF3-88FE9F886FA0} = {C024B635-6C43-41F5-B67B-71E678913208}
		{0D4552B4-F441-4009-AC58-9A16301A9DBC} = {C024B635-6C43-41F5-B67B-71E678913208}
		{DA280FB4-2FB8-4D49-BC99-9D2D68248E3A} = {7608C9C7-6EDF-47C0-ACF7-B3C60F910AEC}
		{83C712B1-C0D6-4117-B2F4-14ED76E1621B} = {DA280FB4-2FB8-4D49-BC99-9D2D68248E3A}
		{CA8B8720-6E2E-4DA9-997C-20E1217D5DDB} = {DA280FB4-2FB8-4D49-BC99-9D2D68248E3A}
	EndGlobalSection
EndGlobal
